
Microsoft Visual Studio Solution File, Format Version 12.00
# Visual Studio Version 17
VisualStudioVersion = 17.3.32929.385
MinimumVisualStudioVersion = 10.0.40219.1
Project("{9A19103F-16F7-4668-BE54-9A1E7A4F7556}") = "WebApplication1", "WebApplication1\WebApplication1.csproj", "{C6AF879A-80E0-4054-A048-42C38969E490}"
EndProject
Global
	GlobalSection(SolutionConfigurationPlatforms) = preSolution
		Debug|Any CPU = Debug|Any CPU
		Release|Any CPU = Release|Any CPU
	EndGlobalSection
	GlobalSection(ProjectConfigurationPlatforms) = postSolution
		{C6AF879A-80E0-4054-A048-42C38969E490}.Debug|Any CPU.ActiveCfg = Debug|Any CPU
		{C6AF879A-80E0-4054-A048-42C38969E490}.Debug|Any CPU.Build.0 = Debug|Any CPU
		{C6AF879A-80E0-4054-A048-42C38969E490}.Release|Any CPU.ActiveCfg = Release|Any CPU
		{C6AF879A-80E0-4054-A048-42C38969E490}.Release|Any CPU.Build.0 = Release|Any CPU
	EndGlobalSection
	GlobalSection(SolutionProperties) = preSolution
		HideSolutionNode = FALSE
	EndGlobalSection
	GlobalSection(ExtensibilityGlobals) = postSolution
		SolutionGuid = {A659B44B-90D3-4EA5-8B45-B2B9B95CD7BF}
	EndGlobalSection
EndGlobal
